
Microsoft Visual Studio Solution File, Format Version 12.00
# Visual Studio 15
VisualStudioVersion = 15.0.26430.14
MinimumVisualStudioVersion = 10.0.40219.1
Project("{8BC9CEB8-8B4A-11D0-8D11-00A0C91BC942}") = "ConsoleMain", "ConsoleMain\ConsoleMain.vcxproj", "{938C2B87-B3C6-478D-9F8C-89145B57E87E}"
EndProject
Project("{8BC9CEB8-8B4A-11D0-8D11-00A0C91BC942}") = "LogicLib", "..\LogicLib\LogicLib.vcxproj", "{A09BB0D3-2E91-4286-978A-70D32CE58E83}"
EndProject
Project("{8BC9CEB8-8B4A-11D0-8D11-00A0C91BC942}") = "NetworkLib", "NetworkLib\NetworkLib.vcxproj", "{71199B2B-0731-4886-ADEE-779B19154887}"
EndProject
Global
	GlobalSection(SolutionConfigurationPlatforms) = preSolution
		Debug|x64 = Debug|x64
		Debug|x86 = Debug|x86
		Release|x64 = Release|x64
		Release|x86 = Release|x86
	EndGlobalSection
	GlobalSection(ProjectConfigurationPlatforms) = postSolution
		{938C2B87-B3C6-478D-9F8C-89145B57E87E}.Debug|x64.ActiveCfg = Debug|x64
		{938C2B87-B3C6-478D-9F8C-89145B57E87E}.Debug|x64.Build.0 = Debug|x64
		{938C2B87-B3C6-478D-9F8C-89145B57E87E}.Debug|x86.ActiveCfg = Debug|Win32
		{938C2B87-B3C6-478D-9F8C-89145B57E87E}.Debug|x86.Build.0 = Debug|Win32
		{938C2B87-B3C6-478D-9F8C-89145B57E87E}.Release|x64.ActiveCfg = Release|x64
		{938C2B87-B3C6-478D-9F8C-89145B57E87E}.Release|x64.Build.0 = Release|x64
		{938C2B87-B3C6-478D-9F8C-89145B57E87E}.Release|x86.ActiveCfg = Release|Win32
		{938C2B87-B3C6-478D-9F8C-89145B57E87E}.Release|x86.Build.0 = Release|Win32
		{A09BB0D3-2E91-4286-978A-70D32CE58E83}.Debug|x64.ActiveCfg = Debug|x64
		{A09BB0D3-2E91-4286-978A-70D32CE58E83}.Debug|x64.Build.0 = Debug|x64
		{A09BB0D3-2E91-4286-978A-70D32CE58E83}.Debug|x86.ActiveCfg = Debug|Win32
		{A09BB0D3-2E91-4286-978A-70D32CE58E83}.Debug|x86.Build.0 = Debug|Win32
		{A09BB0D3-2E91-4286-978A-70D32CE58E83}.Release|x64.ActiveCfg = Release|x64
		{A09BB0D3-2E91-4286-978A-70D32CE58E83}.Release|x64.Build.0 = Release|x64
		{A09BB0D3-2E91-4286-978A-70D32CE58E83}.Release|x86.ActiveCfg = Release|Win32
		{A09BB0D3-2E91-4286-978A-70D32CE58E83}.Release|x86.Build.0 = Release|Win32
		{71199B2B-0731-4886-ADEE-779B19154887}.Debug|x64.ActiveCfg = Debug|x64
		{71199B2B-0731-4886-ADEE-779B19154887}.Debug|x64.Build.0 = Debug|x64
		{71199B2B-0731-4886-ADEE-779B19154887}.Debug|x86.ActiveCfg = Debug|Win32
		{71199B2B-0731-4886-ADEE-779B19154887}.Debug|x86.Build.0 = Debug|Win32
		{71199B2B-0731-4886-ADEE-779B19154887}.Release|x64.ActiveCfg = Release|x64
		{71199B2B-0731-4886-ADEE-779B19154887}.Release|x64.Build.0 = Release|x64
		{71199B2B-0731-4886-ADEE-779B19154887}.Release|x86.ActiveCfg = Release|Win32
		{71199B2B-0731-4886-ADEE-779B19154887}.Release|x86.Build.0 = Release|Win32
	EndGlobalSection
	GlobalSection(SolutionProperties) = preSolution
		HideSolutionNode = FALSE
	EndGlobalSection
EndGlobal
